
Microsoft Visual Studio Solution File, Format Version 12.00
# Visual Studio Version 16
VisualStudioVersion = 16.0.28803.452
MinimumVisualStudioVersion = 10.0.40219.1
Project("{8BC9CEB8-8B4A-11D0-8D11-00A0C91BC942}") = "RubiksCubed", "RubiksCubed.vcxproj", "{A970DC54-CD22-425F-B0FB-BA6BFF5F040D}"
EndProject
Global
	GlobalSection(SolutionConfigurationPlatforms) = preSolution
		Debug|x64 = Debug|x64
		Debug|x86 = Debug|x86
		Release|x64 = Release|x64
		Release|x86 = Release|x86
	EndGlobalSection
	GlobalSection(ProjectConfigurationPlatforms) = postSolution
		{A970DC54-CD22-425F-B0FB-BA6BFF5F040D}.Debug|x64.ActiveCfg = Debug|x64
		{A970DC54-CD22-425F-B0FB-BA6BFF5F040D}.Debug|x64.Build.0 = Debug|x64
		{A970DC54-CD22-425F-B0FB-BA6BFF5F040D}.Debug|x86.ActiveCfg = Debug|Win32
		{A970DC54-CD22-425F-B0FB-BA6BFF5F040D}.Debug|x86.Build.0 = Debug|Win32
		{A970DC54-CD22-425F-B0FB-BA6BFF5F040D}.Release|x64.ActiveCfg = Release|x64
		{A970DC54-CD22-425F-B0FB-BA6BFF5F040D}.Release|x64.Build.0 = Release|x64
		{A970DC54-CD22-425F-B0FB-BA6BFF5F040D}.Release|x86.ActiveCfg = Release|Win32
		{A970DC54-CD22-425F-B0FB-BA6BFF5F040D}.Release|x86.Build.0 = Release|Win32
	EndGlobalSection
	GlobalSection(SolutionProperties) = preSolution
		HideSolutionNode = FALSE
	EndGlobalSection
	GlobalSection(ExtensibilityGlobals) = postSolution
		SolutionGuid = {778E527F-3870-4D32-AB6F-D1EB68E405BD}
	EndGlobalSection
EndGlobal
